{
  "version": 4,
  "terraform_version": "1.3.7",
  "serial": 20,
  "lineage": "fcee4ce0-43c2-0c84-c2e1-a887ab33d162",
  "outputs": {},
  "resources": [
    {
      "mode": "managed",
      "type": "google_compute_network",
      "name": "vpc_network",
      "provider": "provider[\"registry.terraform.io/hashicorp/google\"]",
      "instances": [
        {
          "schema_version": 0,
          "attributes": {
            "auto_create_subnetworks": true,
            "delete_default_routes_on_create": false,
            "description": "",
            "enable_ula_internal_ipv6": false,
            "gateway_ipv4": "",
            "id": "projects/quiet-liberty-372102/global/networks/terraform-network",
            "internal_ipv6_range": "",
            "mtu": 0,
            "name": "terraform-network",
            "project": "quiet-liberty-372102",
            "routing_mode": "REGIONAL",
            "self_link": "https://www.googleapis.com/compute/v1/projects/quiet-liberty-372102/global/networks/terraform-network",
            "timeouts": null
          },
          "sensitive_attributes": [],
          "private": "eyJlMmJmYjczMC1lY2FhLTExZTYtOGY4OC0zNDM2M2JjN2M0YzAiOnsiY3JlYXRlIjoxMjAwMDAwMDAwMDAwLCJkZWxldGUiOjEyMDAwMDAwMDAwMDAsInVwZGF0ZSI6MTIwMDAwMDAwMDAwMH19"
        }
      ]
    },
    {
      "mode": "managed",
      "type": "google_compute_subnetwork",
      "name": "subnetwork",
      "provider": "provider[\"registry.terraform.io/hashicorp/google\"]",
      "instances": [
        {
          "schema_version": 0,
          "attributes": {
            "creation_timestamp": "2023-02-03T19:21:01.226-08:00",
            "description": "",
            "external_ipv6_prefix": "",
            "fingerprint": null,
            "gateway_address": "10.0.0.1",
            "id": "projects/quiet-liberty-372102/regions/us-central1/subnetworks/terraform-subnetwork",
            "ip_cidr_range": "10.0.0.0/16",
            "ipv6_access_type": "",
            "ipv6_cidr_range": "",
            "log_config": [],
            "name": "terraform-subnetwork",
            "network": "https://www.googleapis.com/compute/v1/projects/quiet-liberty-372102/global/networks/terraform-network",
            "private_ip_google_access": false,
            "private_ipv6_google_access": "DISABLE_GOOGLE_ACCESS",
            "project": "quiet-liberty-372102",
            "purpose": "PRIVATE",
            "region": "us-central1",
            "role": "",
            "secondary_ip_range": [],
            "self_link": "https://www.googleapis.com/compute/v1/projects/quiet-liberty-372102/regions/us-central1/subnetworks/terraform-subnetwork",
            "stack_type": "IPV4_ONLY",
            "timeouts": null
          },
          "sensitive_attributes": [],
          "private": "eyJlMmJmYjczMC1lY2FhLTExZTYtOGY4OC0zNDM2M2JjN2M0YzAiOnsiY3JlYXRlIjoxMjAwMDAwMDAwMDAwLCJkZWxldGUiOjEyMDAwMDAwMDAwMDAsInVwZGF0ZSI6MTIwMDAwMDAwMDAwMH19",
          "dependencies": [
            "google_compute_network.vpc_network"
          ]
        }
      ]
    },
    {
      "mode": "managed",
      "type": "google_container_cluster",
      "name": "cluster",
      "provider": "provider[\"registry.terraform.io/hashicorp/google\"]",
      "instances": [
        {
          "schema_version": 1,
          "attributes": {
            "addons_config": [
              {
                "cloudrun_config": [],
                "config_connector_config": [],
                "dns_cache_config": [],
                "gce_persistent_disk_csi_driver_config": [
                  {
                    "enabled": true
                  }
                ],
                "gcp_filestore_csi_driver_config": [],
                "gke_backup_agent_config": [],
                "horizontal_pod_autoscaling": [],
                "http_load_balancing": [],
                "network_policy_config": [
                  {
                    "disabled": true
                  }
                ]
              }
            ],
            "authenticator_groups_config": [],
            "binary_authorization": [
              {
                "enabled": false,
                "evaluation_mode": ""
              }
            ],
            "cluster_autoscaling": [
              {
                "auto_provisioning_defaults": [],
                "enabled": false,
                "resource_limits": []
              }
            ],
            "cluster_ipv4_cidr": "10.76.0.0/14",
            "confidential_nodes": [],
            "cost_management_config": [],
            "database_encryption": [
              {
                "key_name": "",
                "state": "DECRYPTED"
              }
            ],
            "datapath_provider": "",
            "default_max_pods_per_node": null,
            "default_snat_status": [
              {
                "disabled": false
              }
            ],
            "description": "",
            "dns_config": [],
            "enable_autopilot": false,
            "enable_binary_authorization": false,
            "enable_intranode_visibility": false,
            "enable_kubernetes_alpha": false,
            "enable_l4_ilb_subsetting": false,
            "enable_legacy_abac": false,
            "enable_shielded_nodes": true,
            "enable_tpu": false,
            "endpoint": "34.133.245.6",
            "gateway_api_config": [],
            "id": "projects/quiet-liberty-372102/locations/us-central1/clusters/gke-cluster",
            "initial_node_count": 1,
            "ip_allocation_policy": [],
            "label_fingerprint": "a9dc16a7",
            "location": "us-central1",
            "logging_config": [
              {
                "enable_components": [
                  "SYSTEM_COMPONENTS",
                  "WORKLOADS"
                ]
              }
            ],
            "logging_service": "logging.googleapis.com/kubernetes",
            "maintenance_policy": [],
            "master_auth": [
              {
                "client_certificate": "",
                "client_certificate_config": [
                  {
                    "issue_client_certificate": false
                  }
                ],
                "client_key": "",
                "cluster_ca_certificate": "LS0tLS1CRUdJTiBDRVJUSUZJQ0FURS0tLS0tCk1JSUVMRENDQXBTZ0F3SUJBZ0lRSzVYWW50Yy94K041dURIc2d0MVJRREFOQmdrcWhraUc5dzBCQVFzRkFEQXYKTVMwd0t3WURWUVFERXlRMU9XRTVOamxqTWkxak1qZGtMVFJpTkRVdE9USXdOQzAzTWpKbU5XUTVZMlJoTWpJdwpJQmNOTWpNd01qQTBNREl6TkRVNVdoZ1BNakExTXpBeE1qY3dNek0wTlRsYU1DOHhMVEFyQmdOVkJBTVRKRFU1CllUazJPV015TFdNeU4yUXROR0kwTlMwNU1qQTBMVGN5TW1ZMVpEbGpaR0V5TWpDQ0FhSXdEUVlKS29aSWh2Y04KQVFFQkJRQURnZ0dQQURDQ0FZb0NnZ0dCQU9QelR1SlVDWUxKblVMSHAxRnplbC9mNHJ4WnFGYlJZQlVTMkMzNgpoSWdQbGZYSXU3ams3bEVIV2N4aDNRU0xYL0ZQUWh6YXphU0VwMXB3TWJORGJ1bWc1bjZKdjlhR0diWjBTQUo2ClBHOWpXeVJtdjE4dk0rajIrTTg2QUY0aGVlUnExc1Y5WG42SG9QN01TYXE5dnBURFJreFlCenlpMnh0TGlOS00KMTJaVzljbTFIakwrS2NDZ0pJMFJKeFZxaXFJK3FDa21zSWhyZnBuQzZFdGM1UEp3N0s4MGN3U1BFWElYR01uaQp2aDZPc2NpcHBzOFcwQmxGMlBKRWhIRnRyQjFrZUtod2diN2g2bVB1Mk8ydmVYc3M4U2JCQWNWcTh5N3p4ckNUCndHMzlCeDNYNE95WENUYkFwM1BlZmw1TEVYeitYQmYyOVZsOGRYV2oycUthVkgvWnJTUzBpODlXdjUwZ01QZGEKMWF6UGRQRU5jRGxYeFpTdTBFdjZOSTVEYitmME5TN1V4d1V0ZHQ0Skh5T1NlaDRQYUVVVnFMaXZXcEZ5QXNFTQpFQW9uWTdUbk9pNmhxdndzSStDM0pZM3ZhYnoxTWF6Vi8rZFcvY3I5Si8ra3B5TEhnYUJvMFdEM2FzOU5aaDVXCkdXdVlmcjRkeE5GRlVCMUVaWkZ3NXVsaU9RSURBUUFCbzBJd1FEQU9CZ05WSFE4QkFmOEVCQU1DQWdRd0R3WUQKVlIwVEFRSC9CQVV3QXdFQi96QWRCZ05WSFE0RUZnUVVqNk5hY1ZaNU1TQitrMlQ0STEwbXpHUGNvU3d3RFFZSgpLb1pJaHZjTkFRRUxCUUFEZ2dHQkFDV0p5VHM2SVgwSjRDVEtRN3FvNjVKVWM0SzNlNEppOUhwaTlzUmxTK3ZXCjFsaWRRaGZmOWhLOGhPZm91OVFuY2ZmaEtzZE9sbzZaNmZPWisvOVkvZTVIbVUyWGxXYVNLQ3k2MC9CSGZoOHYKT01IOFVTaXMwaWc0ekYvcDRGeFVGMnVkaFdNNE5MM3l5ZkJ2aVF1UDUwUDU5K3FRcU1GdnUzNWZ3UG5rbnJKQQpJMUpiMkRFQXhXN0ozcGJHbUxpbEtNYmVwWHpYVzBYdkRKemVEZzd1bGloVTJqSXZkcnc3ZXJ3Um12KzVmekdICktZK0xvdHdjNCtFWWV4bjZiMUdaU3JkYmZ0cW5la2EvUzJjdno1K2hIUzFHVDNGQnhvN0pvOVhOZStsandEelgKTEM0NEFMTnN4N0dkalpNWlRJdlE2UEJ2ajN3WnRqaVdOMVRrK3pocjRqaGdQeXhCZjh6TkhWRlRGTEdrdFBlVgphWXpaT2xsYm9RNzNZeVpGWkM0OE5ZeG5FNVNGdlF3TzF3YlpnYm9DRUIyeFIzM2dyZEk0ZW1sTU9zUGlkOStXCjhHMTV3RjJ1V1lVOUQxYy9jQ0dCMjVYWVRHUk1kVTRleWQyVTFzS2M4ek40TlpCR2xaSjVJOHJrZXpRQ3dBRS8KZi9sK2tUK0ZEUHhBMXE5YVJlMzk4Zz09Ci0tLS0tRU5EIENFUlRJRklDQVRFLS0tLS0K"
              }
            ],
            "master_authorized_networks_config": [],
            "master_version": "1.25.4-gke.2100",
            "mesh_certificates": [],
            "min_master_version": "1.25.4",
            "monitoring_config": [
              {
                "enable_components": [
                  "SYSTEM_COMPONENTS"
                ],
                "managed_prometheus": []
              }
            ],
            "monitoring_service": "monitoring.googleapis.com/kubernetes",
            "name": "gke-cluster",
            "network": "projects/quiet-liberty-372102/global/networks/terraform-network",
            "network_policy": [
              {
                "enabled": false,
                "provider": "PROVIDER_UNSPECIFIED"
              }
            ],
            "networking_mode": "ROUTES",
            "node_config": [
              {
                "boot_disk_kms_key": "",
                "disk_size_gb": 100,
                "disk_type": "pd-balanced",
                "gcfs_config": [],
                "guest_accelerator": [],
                "gvnic": [],
                "image_type": "COS_CONTAINERD",
                "kubelet_config": [],
                "labels": {},
                "linux_node_config": [],
                "local_ssd_count": 0,
                "logging_variant": "DEFAULT",
                "machine_type": "e2-small",
                "metadata": {
                  "disable-legacy-endpoints": "true"
                },
                "min_cpu_platform": "",
                "node_group": "",
                "oauth_scopes": [
                  "https://www.googleapis.com/auth/cloud-platform"
                ],
                "preemptible": false,
                "reservation_affinity": [],
                "resource_labels": null,
                "service_account": "gke-cluster-sa@quiet-liberty-372102.iam.gserviceaccount.com",
                "shielded_instance_config": [
                  {
                    "enable_integrity_monitoring": true,
                    "enable_secure_boot": false
                  }
                ],
                "spot": false,
                "tags": null,
                "taint": [],
                "workload_metadata_config": []
              }
            ],
            "node_locations": [
              "us-central1-a",
              "us-central1-b",
              "us-central1-c"
            ],
            "node_pool": [
              {
                "autoscaling": [],
                "initial_node_count": 1,
                "instance_group_urls": [
                  "https://www.googleapis.com/compute/v1/projects/quiet-liberty-372102/zones/us-central1-a/instanceGroupManagers/gke-gke-cluster-default-pool-ec9bae7c-grp",
                  "https://www.googleapis.com/compute/v1/projects/quiet-liberty-372102/zones/us-central1-c/instanceGroupManagers/gke-gke-cluster-default-pool-ff7a8a31-grp",
                  "https://www.googleapis.com/compute/v1/projects/quiet-liberty-372102/zones/us-central1-b/instanceGroupManagers/gke-gke-cluster-default-pool-ea83f37a-grp"
                ],
                "managed_instance_group_urls": [
                  "https://www.googleapis.com/compute/v1/projects/quiet-liberty-372102/zones/us-central1-a/instanceGroups/gke-gke-cluster-default-pool-ec9bae7c-grp",
                  "https://www.googleapis.com/compute/v1/projects/quiet-liberty-372102/zones/us-central1-c/instanceGroups/gke-gke-cluster-default-pool-ff7a8a31-grp",
                  "https://www.googleapis.com/compute/v1/projects/quiet-liberty-372102/zones/us-central1-b/instanceGroups/gke-gke-cluster-default-pool-ea83f37a-grp"
                ],
                "management": [
                  {
                    "auto_repair": true,
                    "auto_upgrade": true
                  }
                ],
                "max_pods_per_node": 0,
                "name": "default-pool",
                "name_prefix": "",
                "network_config": [
                  {
                    "create_pod_range": false,
                    "enable_private_nodes": false,
                    "pod_ipv4_cidr_block": "",
                    "pod_range": ""
                  }
                ],
                "node_config": [
                  {
                    "boot_disk_kms_key": "",
                    "disk_size_gb": 100,
                    "disk_type": "pd-balanced",
                    "gcfs_config": [],
                    "guest_accelerator": [],
                    "gvnic": [],
                    "image_type": "COS_CONTAINERD",
                    "kubelet_config": [],
                    "labels": {},
                    "linux_node_config": [],
                    "local_ssd_count": 0,
                    "logging_variant": "DEFAULT",
                    "machine_type": "e2-small",
                    "metadata": {
                      "disable-legacy-endpoints": "true"
                    },
                    "min_cpu_platform": "",
                    "node_group": "",
                    "oauth_scopes": [
                      "https://www.googleapis.com/auth/cloud-platform"
                    ],
                    "preemptible": false,
                    "reservation_affinity": [],
                    "resource_labels": {},
                    "service_account": "gke-cluster-sa@quiet-liberty-372102.iam.gserviceaccount.com",
                    "shielded_instance_config": [
                      {
                        "enable_integrity_monitoring": true,
                        "enable_secure_boot": false
                      }
                    ],
                    "spot": false,
                    "tags": [],
                    "taint": [],
                    "workload_metadata_config": []
                  }
                ],
                "node_count": 1,
                "node_locations": [
                  "us-central1-a",
                  "us-central1-b",
                  "us-central1-c"
                ],
                "placement_policy": [],
                "upgrade_settings": [
                  {
                    "blue_green_settings": [],
                    "max_surge": 1,
                    "max_unavailable": 0,
                    "strategy": "SURGE"
                  }
                ],
                "version": "1.25.4-gke.2100"
              }
            ],
            "node_pool_defaults": [
              {
                "node_config_defaults": [
                  {
                    "logging_variant": "DEFAULT"
                  }
                ]
              }
            ],
            "node_version": "1.25.4-gke.2100",
            "notification_config": [
              {
                "pubsub": [
                  {
                    "enabled": false,
                    "filter": [],
                    "topic": ""
                  }
                ]
              }
            ],
            "operation": null,
            "private_cluster_config": [
              {
                "enable_private_endpoint": false,
                "enable_private_nodes": false,
                "master_global_access_config": [
                  {
                    "enabled": false
                  }
                ],
                "master_ipv4_cidr_block": "",
                "peering_name": "",
                "private_endpoint": "10.0.0.2",
                "private_endpoint_subnetwork": "",
                "public_endpoint": "34.133.245.6"
              }
            ],
            "private_ipv6_google_access": "",
            "project": "quiet-liberty-372102",
            "release_channel": [
              {
                "channel": "UNSPECIFIED"
              }
            ],
            "remove_default_node_pool": null,
            "resource_labels": null,
            "resource_usage_export_config": [],
            "self_link": "https://container.googleapis.com/v1/projects/quiet-liberty-372102/locations/us-central1/clusters/gke-cluster",
            "service_external_ips_config": [
              {
                "enabled": false
              }
            ],
            "services_ipv4_cidr": "10.79.240.0/20",
            "subnetwork": "projects/quiet-liberty-372102/regions/us-central1/subnetworks/terraform-subnetwork",
            "timeouts": null,
            "tpu_ipv4_cidr_block": "",
            "vertical_pod_autoscaling": [],
            "workload_identity_config": []
          },
          "sensitive_attributes": [],
          "private": "eyJlMmJmYjczMC1lY2FhLTExZTYtOGY4OC0zNDM2M2JjN2M0YzAiOnsiY3JlYXRlIjoyNDAwMDAwMDAwMDAwLCJkZWxldGUiOjI0MDAwMDAwMDAwMDAsInJlYWQiOjI0MDAwMDAwMDAwMDAsInVwZGF0ZSI6MzYwMDAwMDAwMDAwMH0sInNjaGVtYV92ZXJzaW9uIjoiMSJ9",
          "dependencies": [
            "google_compute_network.vpc_network",
            "google_compute_subnetwork.subnetwork",
            "google_service_account.sa"
          ]
        }
      ]
    },
    {
      "mode": "managed",
      "type": "google_container_node_pool",
      "name": "primary_preemptible_nodes",
      "provider": "provider[\"registry.terraform.io/hashicorp/google\"]",
      "instances": [
        {
          "status": "tainted",
          "schema_version": 1,
          "attributes": {
            "autoscaling": [],
            "cluster": "projects/quiet-liberty-372102/locations/us-central1/clusters/gke-cluster",
            "id": "projects/quiet-liberty-372102/locations/us-central1/clusters/gke-cluster/nodePools/terraform-node-pool",
            "initial_node_count": null,
            "instance_group_urls": null,
            "location": null,
            "managed_instance_group_urls": null,
            "management": null,
            "max_pods_per_node": null,
            "name": "terraform-node-pool",
            "name_prefix": null,
            "network_config": null,
            "node_config": [
              {
                "boot_disk_kms_key": "",
                "disk_size_gb": 0,
                "disk_type": "",
                "gcfs_config": [],
                "guest_accelerator": [],
                "gvnic": [],
                "image_type": "",
                "kubelet_config": [],
                "labels": {},
                "linux_node_config": [],
                "local_ssd_count": 0,
                "logging_variant": "DEFAULT",
                "machine_type": "e2-small",
                "metadata": {},
                "min_cpu_platform": "",
                "node_group": "",
                "oauth_scopes": [
                  "https://www.googleapis.com/auth/cloud-platform"
                ],
                "preemptible": true,
                "reservation_affinity": [],
                "resource_labels": null,
                "service_account": "gke-cluster-sa@quiet-liberty-372102.iam.gserviceaccount.com",
                "shielded_instance_config": [],
                "spot": false,
                "tags": null,
                "taint": [],
                "workload_metadata_config": []
              }
            ],
            "node_count": 3,
            "node_locations": [],
            "operation": null,
            "placement_policy": [],
            "project": null,
            "timeouts": null,
            "upgrade_settings": null,
            "version": null
          },
          "sensitive_attributes": [],
          "private": "eyJlMmJmYjczMC1lY2FhLTExZTYtOGY4OC0zNDM2M2JjN2M0YzAiOnsiY3JlYXRlIjoxODAwMDAwMDAwMDAwLCJkZWxldGUiOjE4MDAwMDAwMDAwMDAsInVwZGF0ZSI6MTgwMDAwMDAwMDAwMH0sInNjaGVtYV92ZXJzaW9uIjoiMSJ9",
          "dependencies": [
            "google_compute_network.vpc_network",
            "google_compute_subnetwork.subnetwork",
            "google_container_cluster.cluster",
            "google_service_account.sa"
          ]
        }
      ]
    },
    {
      "mode": "managed",
      "type": "google_service_account",
      "name": "sa",
      "provider": "provider[\"registry.terraform.io/hashicorp/google\"]",
      "instances": [
        {
          "schema_version": 0,
          "attributes": {
            "account_id": "gke-cluster-sa",
            "description": "",
            "disabled": false,
            "display_name": "",
            "email": "gke-cluster-sa@quiet-liberty-372102.iam.gserviceaccount.com",
            "id": "projects/quiet-liberty-372102/serviceAccounts/gke-cluster-sa@quiet-liberty-372102.iam.gserviceaccount.com",
            "member": "serviceAccount:gke-cluster-sa@quiet-liberty-372102.iam.gserviceaccount.com",
            "name": "projects/quiet-liberty-372102/serviceAccounts/gke-cluster-sa@quiet-liberty-372102.iam.gserviceaccount.com",
            "project": "quiet-liberty-372102",
            "timeouts": null,
            "unique_id": "117503256364263454991"
          },
          "sensitive_attributes": [],
          "private": "eyJlMmJmYjczMC1lY2FhLTExZTYtOGY4OC0zNDM2M2JjN2M0YzAiOnsiY3JlYXRlIjozMDAwMDAwMDAwMDB9fQ=="
        }
      ]
    }
  ],
  "check_results": null
}
