{
  "version": 4,
  "terraform_version": "1.3.7",
  "serial": 59,
  "lineage": "fcee4ce0-43c2-0c84-c2e1-a887ab33d162",
  "outputs": {},
  "resources": [
    {
      "mode": "managed",
      "type": "google_compute_network",
      "name": "vpc_network",
      "provider": "provider[\"registry.terraform.io/hashicorp/google\"]",
      "instances": [
        {
          "schema_version": 0,
          "attributes": {
            "auto_create_subnetworks": true,
            "delete_default_routes_on_create": false,
            "description": "",
            "enable_ula_internal_ipv6": false,
            "gateway_ipv4": "",
            "id": "projects/quiet-liberty-372102/global/networks/terraform-network",
            "internal_ipv6_range": "",
            "mtu": 0,
            "name": "terraform-network",
            "project": "quiet-liberty-372102",
            "routing_mode": "REGIONAL",
            "self_link": "https://www.googleapis.com/compute/v1/projects/quiet-liberty-372102/global/networks/terraform-network",
            "timeouts": null
          },
          "sensitive_attributes": [],
          "private": "eyJlMmJmYjczMC1lY2FhLTExZTYtOGY4OC0zNDM2M2JjN2M0YzAiOnsiY3JlYXRlIjoxMjAwMDAwMDAwMDAwLCJkZWxldGUiOjEyMDAwMDAwMDAwMDAsInVwZGF0ZSI6MTIwMDAwMDAwMDAwMH19",
          "create_before_destroy": true
        }
      ]
    },
    {
      "mode": "managed",
      "type": "google_compute_subnetwork",
      "name": "subnetwork",
      "provider": "provider[\"registry.terraform.io/hashicorp/google\"]",
      "instances": [
        {
          "schema_version": 0,
          "attributes": {
            "creation_timestamp": "2023-02-03T19:21:01.226-08:00",
            "description": "",
            "external_ipv6_prefix": "",
            "fingerprint": null,
            "gateway_address": "10.0.0.1",
            "id": "projects/quiet-liberty-372102/regions/us-central1/subnetworks/terraform-subnetwork",
            "ip_cidr_range": "10.0.0.0/16",
            "ipv6_access_type": "",
            "ipv6_cidr_range": "",
            "log_config": [],
            "name": "terraform-subnetwork",
            "network": "https://www.googleapis.com/compute/v1/projects/quiet-liberty-372102/global/networks/terraform-network",
            "private_ip_google_access": true,
            "private_ipv6_google_access": "DISABLE_GOOGLE_ACCESS",
            "project": "quiet-liberty-372102",
            "purpose": "PRIVATE",
            "region": "us-central1",
            "role": "",
            "secondary_ip_range": [],
            "self_link": "https://www.googleapis.com/compute/v1/projects/quiet-liberty-372102/regions/us-central1/subnetworks/terraform-subnetwork",
            "stack_type": "IPV4_ONLY",
            "timeouts": null
          },
          "sensitive_attributes": [],
          "private": "eyJlMmJmYjczMC1lY2FhLTExZTYtOGY4OC0zNDM2M2JjN2M0YzAiOnsiY3JlYXRlIjoxMjAwMDAwMDAwMDAwLCJkZWxldGUiOjEyMDAwMDAwMDAwMDAsInVwZGF0ZSI6MTIwMDAwMDAwMDAwMH19",
          "dependencies": [
            "google_compute_network.vpc_network"
          ],
          "create_before_destroy": true
        }
      ]
    },
    {
      "mode": "managed",
      "type": "google_container_cluster",
      "name": "cluster",
      "provider": "provider[\"registry.terraform.io/hashicorp/google\"]",
      "instances": [
        {
          "schema_version": 1,
          "attributes": {
            "addons_config": [
              {
                "cloudrun_config": [],
                "config_connector_config": [],
                "dns_cache_config": [],
                "gce_persistent_disk_csi_driver_config": [
                  {
                    "enabled": true
                  }
                ],
                "gcp_filestore_csi_driver_config": [],
                "gke_backup_agent_config": [],
                "horizontal_pod_autoscaling": [],
                "http_load_balancing": [],
                "network_policy_config": [
                  {
                    "disabled": true
                  }
                ]
              }
            ],
            "authenticator_groups_config": [],
            "binary_authorization": [
              {
                "enabled": false,
                "evaluation_mode": ""
              }
            ],
            "cluster_autoscaling": [
              {
                "auto_provisioning_defaults": [],
                "enabled": false,
                "resource_limits": []
              }
            ],
            "cluster_ipv4_cidr": "10.76.0.0/14",
            "confidential_nodes": [],
            "cost_management_config": [],
            "database_encryption": [
              {
                "key_name": "",
                "state": "DECRYPTED"
              }
            ],
            "datapath_provider": "",
            "default_max_pods_per_node": null,
            "default_snat_status": [
              {
                "disabled": false
              }
            ],
            "description": "",
            "dns_config": [],
            "enable_autopilot": false,
            "enable_binary_authorization": false,
            "enable_intranode_visibility": false,
            "enable_kubernetes_alpha": false,
            "enable_l4_ilb_subsetting": false,
            "enable_legacy_abac": false,
            "enable_shielded_nodes": true,
            "enable_tpu": false,
            "endpoint": "35.223.69.48",
            "gateway_api_config": [],
            "id": "projects/quiet-liberty-372102/locations/us-central1/clusters/gke-cluster",
            "initial_node_count": 1,
            "ip_allocation_policy": [],
            "label_fingerprint": "a9dc16a7",
            "location": "us-central1",
            "logging_config": [
              {
                "enable_components": [
                  "SYSTEM_COMPONENTS",
                  "WORKLOADS"
                ]
              }
            ],
            "logging_service": "logging.googleapis.com/kubernetes",
            "maintenance_policy": [],
            "master_auth": [
              {
                "client_certificate": "",
                "client_certificate_config": [
                  {
                    "issue_client_certificate": false
                  }
                ],
                "client_key": "",
                "cluster_ca_certificate": "LS0tLS1CRUdJTiBDRVJUSUZJQ0FURS0tLS0tCk1JSUVMVENDQXBXZ0F3SUJBZ0lSQUptSVNsREY0d213S2pGUXAzbTBBWWN3RFFZSktvWklodmNOQVFFTEJRQXcKTHpFdE1Dc0dBMVVFQXhNa01HVmhNR1JqTWprdE9UUTFNQzAwT1RJd0xXRm1ZbVV0WTJNM01UUXpabUprWXpRNApNQ0FYRFRJek1ESXdOREExTlRrd05Wb1lEekl3TlRNd01USTNNRFkxT1RBMVdqQXZNUzB3S3dZRFZRUURFeVF3ClpXRXdaR015T1MwNU5EVXdMVFE1TWpBdFlXWmlaUzFqWXpjeE5ETm1ZbVJqTkRnd2dnR2lNQTBHQ1NxR1NJYjMKRFFFQkFRVUFBNElCandBd2dnR0tBb0lCZ1FDZ2Zka2hISW5jNm1yTU1pdzFQc0MyQnYybkdTYWlRNjEySVN2Rgp3dVFqQmUzRzlWcXhXTkJyTFgvTWp3czk3YnZta0RhVjkvTG9tYjFJbG91ZVVXMzltM3NRQkJVenRnTE9lTEV0Clo2VjFCK3pHZVAwL1ZwejJsL0lVY0EvWUs1M284d09ja1BjeElUT0YwQjFYZnFPdHRaVGUwL3ljVjJKbXlramIKWUJpN3dDS2xzbjhJZDVNbm1zNHFDOFo1RW80YUQvWGRnWHpkdjNFc2Z0VjlJRE8yQWI1WGpnc1g1N21nYzZHMQpXUC85NHUxcU9scHZ1TWtvOWFwRU0wdWhjaWxTTUszM29vL1RPdDNOUXpOZituNlpkSHRyYnRTTmp3OUhtdytqCjVsUy9hQkIxdmRtNC9adjVqSUF4ZENtWXljTTduS1ZqWGtGeFBhRTRiL3BVOXNnVG14aGhXVDhjWlIrNHJBQU0KWTR2N0FvY3NuUW5WbytnbTFUZmIxd0ZweXREemZIWTMxbXd5dVJMZjBsTGErQUNLUnJtZVNTOWhvbjlycWJ4RAp3N05aOUQyR1lhenFuMllRWXRieHBOSklMeVIyVVFKTWw1Yk5NTkFabWwyTlhxbUszRG9zWXh3TFg0aEIzYnFzClJMOXhsQkNPTzJFU056UjQ3dDZ3LyszenkvTUNBd0VBQWFOQ01FQXdEZ1lEVlIwUEFRSC9CQVFEQWdJRU1BOEcKQTFVZEV3RUIvd1FGTUFNQkFmOHdIUVlEVlIwT0JCWUVGRVZlVTlyZFpuLzQyTFJwZWlCVmVxTmVWdTBiTUEwRwpDU3FHU0liM0RRRUJDd1VBQTRJQmdRQjJuczZWY25scWI0ZndOSkg3S3dRSFJjWnBYa3JQL3pnUnBIV3c5THhxCnczb20rZGZYQkowUzRhUGRkNDNDZkJRQm40WEhZYldqRHBkYlJBZFhZT0FvSlVERnZTTHBKSXlrd0wrVXZkWEYKMnJDNy9VTjYzQVN1bFcwalUwbnNnd0VMcVpaRmtuU3c3bmc2RUh1NjhnTUsxQlBYNzBoYVdLeFFTeE9KdE5qWApzMXFLeWd2ZE9PSWdhakVZRURldEtCNGJVTjN0cTVnQU5abXd0dEF5T1N5VU9QZkg3a2V6MUdTTGljckZIZDlECjZpYmR2NGtGcXRjdENCdUJMWTNFR25COTRXcmU1aWFqT09SL2RUUGtDU2NnVFdzcGVmRXJIR0RhbmJGMitLeE8KdS92RVRVekRzR3Yrd2hNT3VibVJuWlVESGpoZ0N6ZmprTitpOFVwZzE3UXlWZE1LMUduWlZBTkRiNm1odU1kYQpXc09wcGxyeno5WHFGNWo2ZzNsNWNhZk1VKytzdFdSNGlxRGZpM3RaQWtvRDBhK3BYdU1SS1RNTFF6MlhXajM3CnkzYUVEb1RzOTlPUjZXMk5LSUE0T2VYMzc5WjJvQmNTcWtiNmpaRG9TaS9QSWF2ZnZseEdEM3JiWnJteDZwQW0KUzU1Q09mUStiYWhsc2h0WTNzV1dyeWc9Ci0tLS0tRU5EIENFUlRJRklDQVRFLS0tLS0K"
              }
            ],
            "master_authorized_networks_config": [],
            "master_version": "1.25.4-gke.2100",
            "mesh_certificates": [],
            "min_master_version": "1.25.4",
            "monitoring_config": [
              {
                "enable_components": [
                  "SYSTEM_COMPONENTS"
                ],
                "managed_prometheus": []
              }
            ],
            "monitoring_service": "monitoring.googleapis.com/kubernetes",
            "name": "gke-cluster",
            "network": "projects/quiet-liberty-372102/global/networks/terraform-network",
            "network_policy": [
              {
                "enabled": false,
                "provider": "PROVIDER_UNSPECIFIED"
              }
            ],
            "networking_mode": "ROUTES",
            "node_config": [
              {
                "boot_disk_kms_key": "",
                "disk_size_gb": 10,
                "disk_type": "pd-standard",
                "gcfs_config": [],
                "guest_accelerator": [],
                "gvnic": [],
                "image_type": "COS_CONTAINERD",
                "kubelet_config": [],
                "labels": {},
                "linux_node_config": [],
                "local_ssd_count": 0,
                "logging_variant": "DEFAULT",
                "machine_type": "e2-small",
                "metadata": {
                  "disable-legacy-endpoints": "true"
                },
                "min_cpu_platform": "",
                "node_group": "",
                "oauth_scopes": [
                  "https://www.googleapis.com/auth/cloud-platform"
                ],
                "preemptible": true,
                "reservation_affinity": [],
                "resource_labels": {},
                "service_account": "gke-cluster-sa@quiet-liberty-372102.iam.gserviceaccount.com",
                "shielded_instance_config": [
                  {
                    "enable_integrity_monitoring": true,
                    "enable_secure_boot": false
                  }
                ],
                "spot": false,
                "tags": [],
                "taint": [],
                "workload_metadata_config": []
              }
            ],
            "node_locations": [
              "us-central1-b",
              "us-central1-c",
              "us-central1-f"
            ],
            "node_pool": [
              {
                "autoscaling": [],
                "initial_node_count": 1,
                "instance_group_urls": [
                  "https://www.googleapis.com/compute/v1/projects/quiet-liberty-372102/zones/us-central1-b/instanceGroupManagers/gke-gke-cluster-terraform-node-pool-bce0cb38-grp",
                  "https://www.googleapis.com/compute/v1/projects/quiet-liberty-372102/zones/us-central1-f/instanceGroupManagers/gke-gke-cluster-terraform-node-pool-d71228e2-grp",
                  "https://www.googleapis.com/compute/v1/projects/quiet-liberty-372102/zones/us-central1-c/instanceGroupManagers/gke-gke-cluster-terraform-node-pool-a0a7c36f-grp"
                ],
                "managed_instance_group_urls": [
                  "https://www.googleapis.com/compute/v1/projects/quiet-liberty-372102/zones/us-central1-b/instanceGroups/gke-gke-cluster-terraform-node-pool-bce0cb38-grp",
                  "https://www.googleapis.com/compute/v1/projects/quiet-liberty-372102/zones/us-central1-f/instanceGroups/gke-gke-cluster-terraform-node-pool-d71228e2-grp",
                  "https://www.googleapis.com/compute/v1/projects/quiet-liberty-372102/zones/us-central1-c/instanceGroups/gke-gke-cluster-terraform-node-pool-a0a7c36f-grp"
                ],
                "management": [
                  {
                    "auto_repair": true,
                    "auto_upgrade": true
                  }
                ],
                "max_pods_per_node": 0,
                "name": "terraform-node-pool",
                "name_prefix": "",
                "network_config": [
                  {
                    "create_pod_range": false,
                    "enable_private_nodes": false,
                    "pod_ipv4_cidr_block": "",
                    "pod_range": ""
                  }
                ],
                "node_config": [
                  {
                    "boot_disk_kms_key": "",
                    "disk_size_gb": 10,
                    "disk_type": "pd-standard",
                    "gcfs_config": [],
                    "guest_accelerator": [],
                    "gvnic": [],
                    "image_type": "COS_CONTAINERD",
                    "kubelet_config": [],
                    "labels": {},
                    "linux_node_config": [],
                    "local_ssd_count": 0,
                    "logging_variant": "DEFAULT",
                    "machine_type": "e2-small",
                    "metadata": {
                      "disable-legacy-endpoints": "true"
                    },
                    "min_cpu_platform": "",
                    "node_group": "",
                    "oauth_scopes": [
                      "https://www.googleapis.com/auth/cloud-platform"
                    ],
                    "preemptible": true,
                    "reservation_affinity": [],
                    "resource_labels": {},
                    "service_account": "gke-cluster-sa@quiet-liberty-372102.iam.gserviceaccount.com",
                    "shielded_instance_config": [
                      {
                        "enable_integrity_monitoring": true,
                        "enable_secure_boot": false
                      }
                    ],
                    "spot": false,
                    "tags": [],
                    "taint": [],
                    "workload_metadata_config": []
                  }
                ],
                "node_count": 1,
                "node_locations": [
                  "us-central1-b",
                  "us-central1-c",
                  "us-central1-f"
                ],
                "placement_policy": [],
                "upgrade_settings": [
                  {
                    "blue_green_settings": [],
                    "max_surge": 1,
                    "max_unavailable": 0,
                    "strategy": "SURGE"
                  }
                ],
                "version": "1.25.4-gke.2100"
              }
            ],
            "node_pool_defaults": [
              {
                "node_config_defaults": [
                  {
                    "logging_variant": "DEFAULT"
                  }
                ]
              }
            ],
            "node_version": "1.25.4-gke.2100",
            "notification_config": [
              {
                "pubsub": [
                  {
                    "enabled": false,
                    "filter": [],
                    "topic": ""
                  }
                ]
              }
            ],
            "operation": null,
            "private_cluster_config": [
              {
                "enable_private_endpoint": false,
                "enable_private_nodes": false,
                "master_global_access_config": [
                  {
                    "enabled": false
                  }
                ],
                "master_ipv4_cidr_block": "",
                "peering_name": "",
                "private_endpoint": "10.0.0.25",
                "private_endpoint_subnetwork": "",
                "public_endpoint": "35.223.69.48"
              }
            ],
            "private_ipv6_google_access": "",
            "project": "quiet-liberty-372102",
            "release_channel": [
              {
                "channel": "UNSPECIFIED"
              }
            ],
            "remove_default_node_pool": true,
            "resource_labels": {},
            "resource_usage_export_config": [],
            "self_link": "https://container.googleapis.com/v1/projects/quiet-liberty-372102/locations/us-central1/clusters/gke-cluster",
            "service_external_ips_config": [
              {
                "enabled": false
              }
            ],
            "services_ipv4_cidr": "10.79.240.0/20",
            "subnetwork": "projects/quiet-liberty-372102/regions/us-central1/subnetworks/terraform-subnetwork",
            "timeouts": null,
            "tpu_ipv4_cidr_block": "",
            "vertical_pod_autoscaling": [],
            "workload_identity_config": []
          },
          "sensitive_attributes": [],
          "private": "eyJlMmJmYjczMC1lY2FhLTExZTYtOGY4OC0zNDM2M2JjN2M0YzAiOnsiY3JlYXRlIjoyNDAwMDAwMDAwMDAwLCJkZWxldGUiOjI0MDAwMDAwMDAwMDAsInJlYWQiOjI0MDAwMDAwMDAwMDAsInVwZGF0ZSI6MzYwMDAwMDAwMDAwMH0sInNjaGVtYV92ZXJzaW9uIjoiMSJ9",
          "dependencies": [
            "google_compute_network.vpc_network",
            "google_compute_subnetwork.subnetwork"
          ],
          "create_before_destroy": true
        }
      ]
    },
    {
      "mode": "managed",
      "type": "google_container_node_pool",
      "name": "primary_preemptible_nodes",
      "provider": "provider[\"registry.terraform.io/hashicorp/google\"]",
      "instances": [
        {
          "schema_version": 1,
          "attributes": {
            "autoscaling": [],
            "cluster": "projects/quiet-liberty-372102/locations/us-central1/clusters/gke-cluster",
            "id": "projects/quiet-liberty-372102/locations/us-central1/clusters/gke-cluster/nodePools/terraform-node-pool",
            "initial_node_count": 1,
            "instance_group_urls": [
              "https://www.googleapis.com/compute/v1/projects/quiet-liberty-372102/zones/us-central1-b/instanceGroupManagers/gke-gke-cluster-terraform-node-pool-bce0cb38-grp",
              "https://www.googleapis.com/compute/v1/projects/quiet-liberty-372102/zones/us-central1-f/instanceGroupManagers/gke-gke-cluster-terraform-node-pool-d71228e2-grp",
              "https://www.googleapis.com/compute/v1/projects/quiet-liberty-372102/zones/us-central1-c/instanceGroupManagers/gke-gke-cluster-terraform-node-pool-a0a7c36f-grp"
            ],
            "location": "us-central1",
            "managed_instance_group_urls": [
              "https://www.googleapis.com/compute/v1/projects/quiet-liberty-372102/zones/us-central1-b/instanceGroups/gke-gke-cluster-terraform-node-pool-bce0cb38-grp",
              "https://www.googleapis.com/compute/v1/projects/quiet-liberty-372102/zones/us-central1-f/instanceGroups/gke-gke-cluster-terraform-node-pool-d71228e2-grp",
              "https://www.googleapis.com/compute/v1/projects/quiet-liberty-372102/zones/us-central1-c/instanceGroups/gke-gke-cluster-terraform-node-pool-a0a7c36f-grp"
            ],
            "management": [
              {
                "auto_repair": true,
                "auto_upgrade": true
              }
            ],
            "max_pods_per_node": null,
            "name": "terraform-node-pool",
            "name_prefix": "",
            "network_config": [
              {
                "create_pod_range": false,
                "enable_private_nodes": false,
                "pod_ipv4_cidr_block": "",
                "pod_range": ""
              }
            ],
            "node_config": [
              {
                "boot_disk_kms_key": "",
                "disk_size_gb": 10,
                "disk_type": "pd-standard",
                "gcfs_config": [],
                "guest_accelerator": [],
                "gvnic": [],
                "image_type": "COS_CONTAINERD",
                "kubelet_config": [],
                "labels": {},
                "linux_node_config": [],
                "local_ssd_count": 0,
                "logging_variant": "DEFAULT",
                "machine_type": "e2-small",
                "metadata": {
                  "disable-legacy-endpoints": "true"
                },
                "min_cpu_platform": "",
                "node_group": "",
                "oauth_scopes": [
                  "https://www.googleapis.com/auth/cloud-platform"
                ],
                "preemptible": true,
                "reservation_affinity": [],
                "resource_labels": {},
                "service_account": "gke-cluster-sa@quiet-liberty-372102.iam.gserviceaccount.com",
                "shielded_instance_config": [
                  {
                    "enable_integrity_monitoring": true,
                    "enable_secure_boot": false
                  }
                ],
                "spot": false,
                "tags": [],
                "taint": [],
                "workload_metadata_config": []
              }
            ],
            "node_count": 1,
            "node_locations": [
              "us-central1-b",
              "us-central1-c",
              "us-central1-f"
            ],
            "operation": null,
            "placement_policy": [],
            "project": "quiet-liberty-372102",
            "timeouts": null,
            "upgrade_settings": [
              {
                "blue_green_settings": [],
                "max_surge": 1,
                "max_unavailable": 0,
                "strategy": "SURGE"
              }
            ],
            "version": "1.25.4-gke.2100"
          },
          "sensitive_attributes": [],
          "private": "eyJlMmJmYjczMC1lY2FhLTExZTYtOGY4OC0zNDM2M2JjN2M0YzAiOnsiY3JlYXRlIjoxODAwMDAwMDAwMDAwLCJkZWxldGUiOjE4MDAwMDAwMDAwMDAsInVwZGF0ZSI6MTgwMDAwMDAwMDAwMH0sInNjaGVtYV92ZXJzaW9uIjoiMSJ9",
          "dependencies": [
            "google_compute_network.vpc_network",
            "google_compute_subnetwork.subnetwork",
            "google_container_cluster.cluster",
            "google_service_account.sa"
          ],
          "create_before_destroy": true
        }
      ]
    },
    {
      "mode": "managed",
      "type": "google_service_account",
      "name": "sa",
      "provider": "provider[\"registry.terraform.io/hashicorp/google\"]",
      "instances": [
        {
          "schema_version": 0,
          "attributes": {
            "account_id": "gke-cluster-sa",
            "description": "",
            "disabled": false,
            "display_name": "",
            "email": "gke-cluster-sa@quiet-liberty-372102.iam.gserviceaccount.com",
            "id": "projects/quiet-liberty-372102/serviceAccounts/gke-cluster-sa@quiet-liberty-372102.iam.gserviceaccount.com",
            "member": "serviceAccount:gke-cluster-sa@quiet-liberty-372102.iam.gserviceaccount.com",
            "name": "projects/quiet-liberty-372102/serviceAccounts/gke-cluster-sa@quiet-liberty-372102.iam.gserviceaccount.com",
            "project": "quiet-liberty-372102",
            "timeouts": null,
            "unique_id": "117503256364263454991"
          },
          "sensitive_attributes": [],
          "private": "eyJlMmJmYjczMC1lY2FhLTExZTYtOGY4OC0zNDM2M2JjN2M0YzAiOnsiY3JlYXRlIjozMDAwMDAwMDAwMDB9fQ==",
          "create_before_destroy": true
        }
      ]
    },
    {
      "mode": "managed",
      "type": "helm_release",
      "name": "nginx",
      "provider": "provider[\"registry.terraform.io/hashicorp/helm\"]",
      "instances": [
        {
          "schema_version": 0,
          "attributes": {
            "atomic": false,
            "chart": "nginx",
            "cleanup_on_fail": false,
            "create_namespace": false,
            "dependency_update": false,
            "description": null,
            "devel": null,
            "disable_crd_hooks": false,
            "disable_openapi_validation": false,
            "disable_webhooks": false,
            "force_update": false,
            "id": "nginx",
            "keyring": null,
            "lint": false,
            "manifest": null,
            "max_history": 0,
            "metadata": [
              {
                "app_version": "1.23.3",
                "chart": "nginx",
                "name": "nginx",
                "namespace": "default",
                "revision": 4,
                "values": "{\"service\":{\"ports\":{\"http\":80}}}",
                "version": "13.2.23"
              }
            ],
            "name": "nginx",
            "namespace": "default",
            "pass_credentials": false,
            "postrender": [],
            "recreate_pods": false,
            "render_subchart_notes": true,
            "replace": false,
            "repository": "https://charts.bitnami.com/bitnami",
            "repository_ca_file": null,
            "repository_cert_file": null,
            "repository_key_file": null,
            "repository_password": null,
            "repository_username": null,
            "reset_values": false,
            "reuse_values": false,
            "set": [],
            "set_sensitive": [],
            "skip_crds": false,
            "status": "deployed",
            "timeout": 1800,
            "values": [
              "service:\n  ports:\n    http: 80\n"
            ],
            "verify": false,
            "version": "13.2.23",
            "wait": true,
            "wait_for_jobs": true
          },
          "sensitive_attributes": [],
          "private": "bnVsbA=="
        }
      ]
    }
  ],
  "check_results": null
}
